{
	"name": "@rodrigosaint/graphql",
	"version": "0.0.13",
	"lockfileVersion": 1,
	"requires": true,
	"dependencies": {
		"dequal": {
			"version": "2.0.2",
			"resolved": "https://registry.npmjs.org/dequal/-/dequal-2.0.2.tgz",
			"integrity": "sha512-q9K8BlJVxK7hQYqa6XISGmBZbtQQWVXSrRrWreHC94rMt1QL/Impruc+7p2CYSYuVIUr+YCt6hjrs1kkdJRTug==",
			"dev": true
		},
		"swr": {
			"version": "0.5.6",
			"resolved": "https://registry.npmjs.org/swr/-/swr-0.5.6.tgz",
			"integrity": "sha512-Bmx3L4geMZjYT5S2Z6EE6/5Cx6v1Ka0LhqZKq8d6WL2eu9y6gHWz3dUzfIK/ymZVHVfwT/EweFXiYGgfifei3w==",
			"dev": true,
			"requires": {
				"dequal": "2.0.2"
			}
		}
	}
}
